// !$*UTF8*$!
{
	archiveVersion = 1;
	classes = {
	};
	objectVersion = 50;
	objects = {

/* Begin PBXBuildFile section */
		4E10C49C22FB95800013FE11 /* gpt2-64-12.mlmodel in Sources */ = {isa = PBXBuildFile; fileRef = 4E10C49B22FB95800013FE11 /* gpt2-64-12.mlmodel */; };
		791D169322EA4918004D7A79 /* MultiArrayUtilsTests.swift in Sources */ = {isa = PBXBuildFile; fileRef = 791D169222EA4918004D7A79 /* MultiArrayUtilsTests.swift */; };
		7934AF8822EA4CEC00396AD5 /* gpt2-512.mlmodel in Sources */ = {isa = PBXBuildFile; fileRef = 7934AF8722EA4CEC00396AD5 /* gpt2-512.mlmodel */; };
		7944CDBF22C501D6000C0B1E /* dev-v1.1.json in Resources */ = {isa = PBXBuildFile; fileRef = 7944CDBE22C501D6000C0B1E /* dev-v1.1.json */; };
		7944CDC022C501D6000C0B1E /* dev-v1.1.json in Resources */ = {isa = PBXBuildFile; fileRef = 7944CDBE22C501D6000C0B1E /* dev-v1.1.json */; };
		796DF51022E0EB1D00140C02 /* GPT2Tokenizer.swift in Sources */ = {isa = PBXBuildFile; fileRef = 796DF50F22E0EB1D00140C02 /* GPT2Tokenizer.swift */; };
		796DF51522E0EE7800140C02 /* gpt2-merges.txt in Resources */ = {isa = PBXBuildFile; fileRef = 796DF51322E0EE7800140C02 /* gpt2-merges.txt */; };
		796DF51622E0EE7800140C02 /* gpt2-vocab.json in Resources */ = {isa = PBXBuildFile; fileRef = 796DF51422E0EE7800140C02 /* gpt2-vocab.json */; };
		796DF51A22E0FF7A00140C02 /* GPT2ByteEncoder.swift in Sources */ = {isa = PBXBuildFile; fileRef = 796DF51922E0FF7A00140C02 /* GPT2ByteEncoder.swift */; };
		796DF55022E1026700140C02 /* AppDelegate.swift in Sources */ = {isa = PBXBuildFile; fileRef = 796DF54F22E1026700140C02 /* AppDelegate.swift */; };
		796DF55222E1026700140C02 /* SceneDelegate.swift in Sources */ = {isa = PBXBuildFile; fileRef = 796DF55122E1026700140C02 /* SceneDelegate.swift */; };
		796DF55422E1026700140C02 /* ViewController.swift in Sources */ = {isa = PBXBuildFile; fileRef = 796DF55322E1026700140C02 /* ViewController.swift */; };
		796DF55722E1026700140C02 /* Main.storyboard in Resources */ = {isa = PBXBuildFile; fileRef = 796DF55522E1026700140C02 /* Main.storyboard */; };
		796DF55922E1026700140C02 /* Assets.xcassets in Resources */ = {isa = PBXBuildFile; fileRef = 796DF55822E1026700140C02 /* Assets.xcassets */; };
		796DF55C22E1026700140C02 /* LaunchScreen.storyboard in Resources */ = {isa = PBXBuildFile; fileRef = 796DF55A22E1026700140C02 /* LaunchScreen.storyboard */; };
		796DF56722E1026800140C02 /* CoreMLGPT2Tests.swift in Sources */ = {isa = PBXBuildFile; fileRef = 796DF56622E1026800140C02 /* CoreMLGPT2Tests.swift */; };
		796DF56F22E1039C00140C02 /* SquadDataset.swift in Sources */ = {isa = PBXBuildFile; fileRef = 79F2CC8022C5041C009F8551 /* SquadDataset.swift */; };
		796DF57022E1039C00140C02 /* BertTokenizer.swift in Sources */ = {isa = PBXBuildFile; fileRef = 79F2CC8222C50E00009F8551 /* BertTokenizer.swift */; };
		796DF57222E1039C00140C02 /* Utils.swift in Sources */ = {isa = PBXBuildFile; fileRef = 79F2CC8A22C549C1009F8551 /* Utils.swift */; };
		796DF57322E1039C00140C02 /* Math.swift in Sources */ = {isa = PBXBuildFile; fileRef = 79F2CC9622C56890009F8551 /* Math.swift */; };
		796DF57422E1039C00140C02 /* MLMultiArray+Utils.swift in Sources */ = {isa = PBXBuildFile; fileRef = 79F2CC9922C57132009F8551 /* MLMultiArray+Utils.swift */; };
		796DF57522E1039C00140C02 /* GPT2Tokenizer.swift in Sources */ = {isa = PBXBuildFile; fileRef = 796DF50F22E0EB1D00140C02 /* GPT2Tokenizer.swift */; };
		796DF57622E1039C00140C02 /* GPT2ByteEncoder.swift in Sources */ = {isa = PBXBuildFile; fileRef = 796DF51922E0FF7A00140C02 /* GPT2ByteEncoder.swift */; };
		796DF57722E1047B00140C02 /* gpt2-merges.txt in Resources */ = {isa = PBXBuildFile; fileRef = 796DF51322E0EE7800140C02 /* gpt2-merges.txt */; };
		796DF57822E1047B00140C02 /* gpt2-vocab.json in Resources */ = {isa = PBXBuildFile; fileRef = 796DF51422E0EE7800140C02 /* gpt2-vocab.json */; };
		796DF57F22E1209B00140C02 /* encoded_tokens.json in Resources */ = {isa = PBXBuildFile; fileRef = 796DF57D22E1209B00140C02 /* encoded_tokens.json */; };
		796DF58722E2727000140C02 /* GPT2.swift in Sources */ = {isa = PBXBuildFile; fileRef = 796DF58622E2727000140C02 /* GPT2.swift */; };
		79F2CC5C22C50078009F8551 /* AppDelegate.swift in Sources */ = {isa = PBXBuildFile; fileRef = 79F2CC5B22C50078009F8551 /* AppDelegate.swift */; };
		79F2CC5E22C50078009F8551 /* SceneDelegate.swift in Sources */ = {isa = PBXBuildFile; fileRef = 79F2CC5D22C50078009F8551 /* SceneDelegate.swift */; };
		79F2CC6022C50078009F8551 /* ViewController.swift in Sources */ = {isa = PBXBuildFile; fileRef = 79F2CC5F22C50078009F8551 /* ViewController.swift */; };
		79F2CC6322C50078009F8551 /* Main.storyboard in Resources */ = {isa = PBXBuildFile; fileRef = 79F2CC6122C50078009F8551 /* Main.storyboard */; };
		79F2CC6522C5007B009F8551 /* Assets.xcassets in Resources */ = {isa = PBXBuildFile; fileRef = 79F2CC6422C5007B009F8551 /* Assets.xcassets */; };
		79F2CC6822C5007B009F8551 /* LaunchScreen.storyboard in Resources */ = {isa = PBXBuildFile; fileRef = 79F2CC6622C5007B009F8551 /* LaunchScreen.storyboard */; };
		79F2CC7322C5007B009F8551 /* BertTokenizerTests.swift in Sources */ = {isa = PBXBuildFile; fileRef = 79F2CC7222C5007B009F8551 /* BertTokenizerTests.swift */; };
		79F2CC8122C5041C009F8551 /* SquadDataset.swift in Sources */ = {isa = PBXBuildFile; fileRef = 79F2CC8022C5041C009F8551 /* SquadDataset.swift */; };
		79F2CC8322C50E00009F8551 /* BertTokenizer.swift in Sources */ = {isa = PBXBuildFile; fileRef = 79F2CC8222C50E00009F8551 /* BertTokenizer.swift */; };
		79F2CC8522C50F87009F8551 /* vocab.txt in Resources */ = {isa = PBXBuildFile; fileRef = 79F2CC8422C50F87009F8551 /* vocab.txt */; };
		79F2CC8622C50F87009F8551 /* vocab.txt in Resources */ = {isa = PBXBuildFile; fileRef = 79F2CC8422C50F87009F8551 /* vocab.txt */; };
		79F2CC8822C51E03009F8551 /* basic_tokenized_questions.json in Resources */ = {isa = PBXBuildFile; fileRef = 79F2CC8722C51E03009F8551 /* basic_tokenized_questions.json */; };
		79F2CC8922C51E03009F8551 /* basic_tokenized_questions.json in Resources */ = {isa = PBXBuildFile; fileRef = 79F2CC8722C51E03009F8551 /* basic_tokenized_questions.json */; };
		79F2CC8B22C549C1009F8551 /* Utils.swift in Sources */ = {isa = PBXBuildFile; fileRef = 79F2CC8A22C549C1009F8551 /* Utils.swift */; };
		79F2CC8C22C549C1009F8551 /* Utils.swift in Sources */ = {isa = PBXBuildFile; fileRef = 79F2CC8A22C549C1009F8551 /* Utils.swift */; };
		79F2CC8E22C55413009F8551 /* tokenized_questions.json in Resources */ = {isa = PBXBuildFile; fileRef = 79F2CC8D22C55413009F8551 /* tokenized_questions.json */; };
		79F2CC8F22C55413009F8551 /* tokenized_questions.json in Resources */ = {isa = PBXBuildFile; fileRef = 79F2CC8D22C55413009F8551 /* tokenized_questions.json */; };
		79F2CC9122C5590C009F8551 /* BERTSQUADFP16.mlmodel in Sources */ = {isa = PBXBuildFile; fileRef = 79F2CC9022C5590C009F8551 /* BERTSQUADFP16.mlmodel */; };
		79F2CC9422C56693009F8551 /* BertForQuestionAnswering.swift in Sources */ = {isa = PBXBuildFile; fileRef = 79F2CC9322C56693009F8551 /* BertForQuestionAnswering.swift */; };
		79F2CC9522C56693009F8551 /* BertForQuestionAnswering.swift in Sources */ = {isa = PBXBuildFile; fileRef = 79F2CC9322C56693009F8551 /* BertForQuestionAnswering.swift */; };
		79F2CC9722C56891009F8551 /* Math.swift in Sources */ = {isa = PBXBuildFile; fileRef = 79F2CC9622C56890009F8551 /* Math.swift */; };
		79F2CC9822C56891009F8551 /* Math.swift in Sources */ = {isa = PBXBuildFile; fileRef = 79F2CC9622C56890009F8551 /* Math.swift */; };
		79F2CC9A22C57132009F8551 /* MLMultiArray+Utils.swift in Sources */ = {isa = PBXBuildFile; fileRef = 79F2CC9922C57132009F8551 /* MLMultiArray+Utils.swift */; };
		79F2CC9B22C57132009F8551 /* MLMultiArray+Utils.swift in Sources */ = {isa = PBXBuildFile; fileRef = 79F2CC9922C57132009F8551 /* MLMultiArray+Utils.swift */; };
		79F2CC9C22C57731009F8551 /* BertTokenizer.swift in Sources */ = {isa = PBXBuildFile; fileRef = 79F2CC8222C50E00009F8551 /* BertTokenizer.swift */; };
		79F2CC9E22C57825009F8551 /* BertForQATests.swift in Sources */ = {isa = PBXBuildFile; fileRef = 79F2CC9D22C57825009F8551 /* BertForQATests.swift */; };
		79F2CCA022C666C7009F8551 /* question_tokens.json in Resources */ = {isa = PBXBuildFile; fileRef = 79F2CC9F22C666C7009F8551 /* question_tokens.json */; };
		79F2CCA222C6717E009F8551 /* LoaderView.swift in Sources */ = {isa = PBXBuildFile; fileRef = 79F2CCA122C6717D009F8551 /* LoaderView.swift */; };
		79F7060E22EA0CA900C4432C /* BERTSQUADFP16.mlmodel in Sources */ = {isa = PBXBuildFile; fileRef = 79F2CC9022C5590C009F8551 /* BERTSQUADFP16.mlmodel */; };
/* End PBXBuildFile section */

/* Begin PBXContainerItemProxy section */
		796DF56322E1026800140C02 /* PBXContainerItemProxy */ = {
			isa = PBXContainerItemProxy;
			containerPortal = 79F2CC5022C50078009F8551 /* Project object */;
			proxyType = 1;
			remoteGlobalIDString = 796DF54C22E1026700140C02;
			remoteInfo = CoreMLGPT2;
		};
		79F2CC6F22C5007B009F8551 /* PBXContainerItemProxy */ = {
			isa = PBXContainerItemProxy;
			containerPortal = 79F2CC5022C50078009F8551 /* Project object */;
			proxyType = 1;
			remoteGlobalIDString = 79F2CC5722C50078009F8551;
			remoteInfo = CoreMLBert;
		};
/* End PBXContainerItemProxy section */

/* Begin PBXFileReference section */
		4E10C49B22FB95800013FE11 /* gpt2-64-12.mlmodel */ = {isa = PBXFileReference; lastKnownFileType = file.mlmodel; path = "gpt2-64-12.mlmodel"; sourceTree = "<group>"; };
		791D169222EA4918004D7A79 /* MultiArrayUtilsTests.swift */ = {isa = PBXFileReference; lastKnownFileType = sourcecode.swift; path = MultiArrayUtilsTests.swift; sourceTree = "<group>"; };
		7934AF8722EA4CEC00396AD5 /* gpt2-512.mlmodel */ = {isa = PBXFileReference; lastKnownFileType = file.mlmodel; path = "gpt2-512.mlmodel"; sourceTree = "<group>"; };
		7944CDBE22C501D6000C0B1E /* dev-v1.1.json */ = {isa = PBXFileReference; fileEncoding = 4; lastKnownFileType = text.json; path = "dev-v1.1.json"; sourceTree = "<group>"; };
		796DF50F22E0EB1D00140C02 /* GPT2Tokenizer.swift */ = {isa = PBXFileReference; lastKnownFileType = sourcecode.swift; path = GPT2Tokenizer.swift; sourceTree = "<group>"; };
		796DF51322E0EE7800140C02 /* gpt2-merges.txt */ = {isa = PBXFileReference; fileEncoding = 4; lastKnownFileType = text; path = "gpt2-merges.txt"; sourceTree = "<group>"; };
		796DF51422E0EE7800140C02 /* gpt2-vocab.json */ = {isa = PBXFileReference; fileEncoding = 4; lastKnownFileType = text.json; path = "gpt2-vocab.json"; sourceTree = "<group>"; };
		796DF51922E0FF7A00140C02 /* GPT2ByteEncoder.swift */ = {isa = PBXFileReference; lastKnownFileType = sourcecode.swift; path = GPT2ByteEncoder.swift; sourceTree = "<group>"; };
		796DF54D22E1026700140C02 /* CoreMLGPT2.app */ = {isa = PBXFileReference; explicitFileType = wrapper.application; includeInIndex = 0; path = CoreMLGPT2.app; sourceTree = BUILT_PRODUCTS_DIR; };
		796DF54F22E1026700140C02 /* AppDelegate.swift */ = {isa = PBXFileReference; lastKnownFileType = sourcecode.swift; path = AppDelegate.swift; sourceTree = "<group>"; };
		796DF55122E1026700140C02 /* SceneDelegate.swift */ = {isa = PBXFileReference; lastKnownFileType = sourcecode.swift; path = SceneDelegate.swift; sourceTree = "<group>"; };
		796DF55322E1026700140C02 /* ViewController.swift */ = {isa = PBXFileReference; lastKnownFileType = sourcecode.swift; path = ViewController.swift; sourceTree = "<group>"; };
		796DF55622E1026700140C02 /* Base */ = {isa = PBXFileReference; lastKnownFileType = file.storyboard; name = Base; path = Base.lproj/Main.storyboard; sourceTree = "<group>"; };
		796DF55822E1026700140C02 /* Assets.xcassets */ = {isa = PBXFileReference; lastKnownFileType = folder.assetcatalog; path = Assets.xcassets; sourceTree = "<group>"; };
		796DF55B22E1026700140C02 /* Base */ = {isa = PBXFileReference; lastKnownFileType = file.storyboard; name = Base; path = Base.lproj/LaunchScreen.storyboard; sourceTree = "<group>"; };
		796DF55D22E1026800140C02 /* Info.plist */ = {isa = PBXFileReference; lastKnownFileType = text.plist.xml; path = Info.plist; sourceTree = "<group>"; };
		796DF56222E1026800140C02 /* CoreMLGPT2Tests.xctest */ = {isa = PBXFileReference; explicitFileType = wrapper.cfbundle; includeInIndex = 0; path = CoreMLGPT2Tests.xctest; sourceTree = BUILT_PRODUCTS_DIR; };
		796DF56622E1026800140C02 /* CoreMLGPT2Tests.swift */ = {isa = PBXFileReference; lastKnownFileType = sourcecode.swift; path = CoreMLGPT2Tests.swift; sourceTree = "<group>"; };
		796DF56822E1026800140C02 /* Info.plist */ = {isa = PBXFileReference; lastKnownFileType = text.plist.xml; path = Info.plist; sourceTree = "<group>"; };
		796DF57D22E1209B00140C02 /* encoded_tokens.json */ = {isa = PBXFileReference; fileEncoding = 4; lastKnownFileType = text.json; path = encoded_tokens.json; sourceTree = "<group>"; };
		796DF58622E2727000140C02 /* GPT2.swift */ = {isa = PBXFileReference; lastKnownFileType = sourcecode.swift; path = GPT2.swift; sourceTree = "<group>"; };
		79F2CC5822C50078009F8551 /* CoreMLBert.app */ = {isa = PBXFileReference; explicitFileType = wrapper.application; includeInIndex = 0; path = CoreMLBert.app; sourceTree = BUILT_PRODUCTS_DIR; };
		79F2CC5B22C50078009F8551 /* AppDelegate.swift */ = {isa = PBXFileReference; lastKnownFileType = sourcecode.swift; path = AppDelegate.swift; sourceTree = "<group>"; };
		79F2CC5D22C50078009F8551 /* SceneDelegate.swift */ = {isa = PBXFileReference; lastKnownFileType = sourcecode.swift; path = SceneDelegate.swift; sourceTree = "<group>"; };
		79F2CC5F22C50078009F8551 /* ViewController.swift */ = {isa = PBXFileReference; lastKnownFileType = sourcecode.swift; path = ViewController.swift; sourceTree = "<group>"; };
		79F2CC6222C50078009F8551 /* Base */ = {isa = PBXFileReference; lastKnownFileType = file.storyboard; name = Base; path = Base.lproj/Main.storyboard; sourceTree = "<group>"; };
		79F2CC6422C5007B009F8551 /* Assets.xcassets */ = {isa = PBXFileReference; lastKnownFileType = folder.assetcatalog; path = Assets.xcassets; sourceTree = "<group>"; };
		79F2CC6722C5007B009F8551 /* Base */ = {isa = PBXFileReference; lastKnownFileType = file.storyboard; name = Base; path = Base.lproj/LaunchScreen.storyboard; sourceTree = "<group>"; };
		79F2CC6922C5007B009F8551 /* Info.plist */ = {isa = PBXFileReference; lastKnownFileType = text.plist.xml; path = Info.plist; sourceTree = "<group>"; };
		79F2CC6E22C5007B009F8551 /* CoreMLBertTests.xctest */ = {isa = PBXFileReference; explicitFileType = wrapper.cfbundle; includeInIndex = 0; path = CoreMLBertTests.xctest; sourceTree = BUILT_PRODUCTS_DIR; };
		79F2CC7222C5007B009F8551 /* BertTokenizerTests.swift */ = {isa = PBXFileReference; lastKnownFileType = sourcecode.swift; path = BertTokenizerTests.swift; sourceTree = "<group>"; };
		79F2CC7422C5007B009F8551 /* Info.plist */ = {isa = PBXFileReference; lastKnownFileType = text.plist.xml; path = Info.plist; sourceTree = "<group>"; };
		79F2CC8022C5041C009F8551 /* SquadDataset.swift */ = {isa = PBXFileReference; lastKnownFileType = sourcecode.swift; path = SquadDataset.swift; sourceTree = "<group>"; };
		79F2CC8222C50E00009F8551 /* BertTokenizer.swift */ = {isa = PBXFileReference; lastKnownFileType = sourcecode.swift; path = BertTokenizer.swift; sourceTree = "<group>"; };
		79F2CC8422C50F87009F8551 /* vocab.txt */ = {isa = PBXFileReference; fileEncoding = 4; lastKnownFileType = text; path = vocab.txt; sourceTree = "<group>"; };
		79F2CC8722C51E03009F8551 /* basic_tokenized_questions.json */ = {isa = PBXFileReference; fileEncoding = 4; lastKnownFileType = text.json; path = basic_tokenized_questions.json; sourceTree = "<group>"; };
		79F2CC8A22C549C1009F8551 /* Utils.swift */ = {isa = PBXFileReference; fileEncoding = 4; lastKnownFileType = sourcecode.swift; path = Utils.swift; sourceTree = "<group>"; };
		79F2CC8D22C55413009F8551 /* tokenized_questions.json */ = {isa = PBXFileReference; fileEncoding = 4; lastKnownFileType = text.json; path = tokenized_questions.json; sourceTree = "<group>"; };
		79F2CC9022C5590C009F8551 /* BERTSQUADFP16.mlmodel */ = {isa = PBXFileReference; lastKnownFileType = file.mlmodel; path = BERTSQUADFP16.mlmodel; sourceTree = "<group>"; };
		79F2CC9322C56693009F8551 /* BertForQuestionAnswering.swift */ = {isa = PBXFileReference; lastKnownFileType = sourcecode.swift; path = BertForQuestionAnswering.swift; sourceTree = "<group>"; };
		79F2CC9622C56890009F8551 /* Math.swift */ = {isa = PBXFileReference; lastKnownFileType = sourcecode.swift; path = Math.swift; sourceTree = "<group>"; };
		79F2CC9922C57132009F8551 /* MLMultiArray+Utils.swift */ = {isa = PBXFileReference; lastKnownFileType = sourcecode.swift; path = "MLMultiArray+Utils.swift"; sourceTree = "<group>"; };
		79F2CC9D22C57825009F8551 /* BertForQATests.swift */ = {isa = PBXFileReference; lastKnownFileType = sourcecode.swift; path = BertForQATests.swift; sourceTree = "<group>"; };
		79F2CC9F22C666C7009F8551 /* question_tokens.json */ = {isa = PBXFileReference; fileEncoding = 4; lastKnownFileType = text.json; path = question_tokens.json; sourceTree = "<group>"; };
		79F2CCA122C6717D009F8551 /* LoaderView.swift */ = {isa = PBXFileReference; fileEncoding = 4; lastKnownFileType = sourcecode.swift; path = LoaderView.swift; sourceTree = "<group>"; };
/* End PBXFileReference section */

/* Begin PBXFrameworksBuildPhase section */
		796DF54A22E1026700140C02 /* Frameworks */ = {
			isa = PBXFrameworksBuildPhase;
			buildActionMask = 2147483647;
			files = (
			);
			runOnlyForDeploymentPostprocessing = 0;
		};
		796DF55F22E1026800140C02 /* Frameworks */ = {
			isa = PBXFrameworksBuildPhase;
			buildActionMask = 2147483647;
			files = (
			);
			runOnlyForDeploymentPostprocessing = 0;
		};
		79F2CC5522C50078009F8551 /* Frameworks */ = {
			isa = PBXFrameworksBuildPhase;
			buildActionMask = 2147483647;
			files = (
			);
			runOnlyForDeploymentPostprocessing = 0;
		};
		79F2CC6B22C5007B009F8551 /* Frameworks */ = {
			isa = PBXFrameworksBuildPhase;
			buildActionMask = 2147483647;
			files = (
			);
			runOnlyForDeploymentPostprocessing = 0;
		};
/* End PBXFrameworksBuildPhase section */

/* Begin PBXGroup section */
		7944CDBD22C501AF000C0B1E /* Resources */ = {
			isa = PBXGroup;
			children = (
				4E10C49B22FB95800013FE11 /* gpt2-64-12.mlmodel */,
				7944CDBE22C501D6000C0B1E /* dev-v1.1.json */,
				79F2CC8422C50F87009F8551 /* vocab.txt */,
				79F2CC8722C51E03009F8551 /* basic_tokenized_questions.json */,
				79F2CC8D22C55413009F8551 /* tokenized_questions.json */,
				79F2CC9F22C666C7009F8551 /* question_tokens.json */,
				79F2CC9022C5590C009F8551 /* BERTSQUADFP16.mlmodel */,
				796DF51322E0EE7800140C02 /* gpt2-merges.txt */,
				796DF51422E0EE7800140C02 /* gpt2-vocab.json */,
				796DF57D22E1209B00140C02 /* encoded_tokens.json */,
				7934AF8722EA4CEC00396AD5 /* gpt2-512.mlmodel */,
			);
			path = Resources;
			sourceTree = "<group>";
		};
		796DF54E22E1026700140C02 /* CoreMLGPT2 */ = {
			isa = PBXGroup;
			children = (
				796DF54F22E1026700140C02 /* AppDelegate.swift */,
				796DF55122E1026700140C02 /* SceneDelegate.swift */,
				796DF55322E1026700140C02 /* ViewController.swift */,
				796DF55522E1026700140C02 /* Main.storyboard */,
				796DF55822E1026700140C02 /* Assets.xcassets */,
				796DF55A22E1026700140C02 /* LaunchScreen.storyboard */,
				796DF55D22E1026800140C02 /* Info.plist */,
			);
			path = CoreMLGPT2;
			sourceTree = "<group>";
		};
		796DF56522E1026800140C02 /* CoreMLGPT2Tests */ = {
			isa = PBXGroup;
			children = (
				796DF56622E1026800140C02 /* CoreMLGPT2Tests.swift */,
				791D169222EA4918004D7A79 /* MultiArrayUtilsTests.swift */,
				796DF56822E1026800140C02 /* Info.plist */,
			);
			path = CoreMLGPT2Tests;
			sourceTree = "<group>";
		};
		79F2CC4F22C50078009F8551 = {
			isa = PBXGroup;
			children = (
				7944CDBD22C501AF000C0B1E /* Resources */,
				79F2CC7F22C50410009F8551 /* Sources */,
				79F2CC5A22C50078009F8551 /* CoreMLBert */,
				79F2CC7122C5007B009F8551 /* CoreMLBertTests */,
				796DF54E22E1026700140C02 /* CoreMLGPT2 */,
				796DF56522E1026800140C02 /* CoreMLGPT2Tests */,
				79F2CC5922C50078009F8551 /* Products */,
			);
			sourceTree = "<group>";
		};
		79F2CC5922C50078009F8551 /* Products */ = {
			isa = PBXGroup;
			children = (
				79F2CC5822C50078009F8551 /* CoreMLBert.app */,
				79F2CC6E22C5007B009F8551 /* CoreMLBertTests.xctest */,
				796DF54D22E1026700140C02 /* CoreMLGPT2.app */,
				796DF56222E1026800140C02 /* CoreMLGPT2Tests.xctest */,
			);
			name = Products;
			sourceTree = "<group>";
		};
		79F2CC5A22C50078009F8551 /* CoreMLBert */ = {
			isa = PBXGroup;
			children = (
				79F2CC5B22C50078009F8551 /* AppDelegate.swift */,
				79F2CC5D22C50078009F8551 /* SceneDelegate.swift */,
				79F2CC5F22C50078009F8551 /* ViewController.swift */,
				79F2CC6122C50078009F8551 /* Main.storyboard */,
				79F2CC6422C5007B009F8551 /* Assets.xcassets */,
				79F2CC6622C5007B009F8551 /* LaunchScreen.storyboard */,
				79F2CC6922C5007B009F8551 /* Info.plist */,
				79F2CCA122C6717D009F8551 /* LoaderView.swift */,
			);
			path = CoreMLBert;
			sourceTree = "<group>";
		};
		79F2CC7122C5007B009F8551 /* CoreMLBertTests */ = {
			isa = PBXGroup;
			children = (
				79F2CC7222C5007B009F8551 /* BertTokenizerTests.swift */,
				79F2CC9D22C57825009F8551 /* BertForQATests.swift */,
				79F2CC7422C5007B009F8551 /* Info.plist */,
			);
			path = CoreMLBertTests;
			sourceTree = "<group>";
		};
		79F2CC7F22C50410009F8551 /* Sources */ = {
			isa = PBXGroup;
			children = (
				79F2CC8022C5041C009F8551 /* SquadDataset.swift */,
				79F2CC8222C50E00009F8551 /* BertTokenizer.swift */,
				79F2CC9322C56693009F8551 /* BertForQuestionAnswering.swift */,
				79F2CC8A22C549C1009F8551 /* Utils.swift */,
				79F2CC9622C56890009F8551 /* Math.swift */,
				79F2CC9922C57132009F8551 /* MLMultiArray+Utils.swift */,
				796DF50F22E0EB1D00140C02 /* GPT2Tokenizer.swift */,
				796DF51922E0FF7A00140C02 /* GPT2ByteEncoder.swift */,
				796DF58622E2727000140C02 /* GPT2.swift */,
			);
			path = Sources;
			sourceTree = "<group>";
		};
/* End PBXGroup section */

/* Begin PBXNativeTarget section */
		796DF54C22E1026700140C02 /* CoreMLGPT2 */ = {
			isa = PBXNativeTarget;
			buildConfigurationList = 796DF56922E1026800140C02 /* Build configuration list for PBXNativeTarget "CoreMLGPT2" */;
			buildPhases = (
				796DF54922E1026700140C02 /* Sources */,
				796DF54A22E1026700140C02 /* Frameworks */,
				796DF54B22E1026700140C02 /* Resources */,
			);
			buildRules = (
			);
			dependencies = (
			);
			name = CoreMLGPT2;
			productName = CoreMLGPT2;
			productReference = 796DF54D22E1026700140C02 /* CoreMLGPT2.app */;
			productType = "com.apple.product-type.application";
		};
		796DF56122E1026800140C02 /* CoreMLGPT2Tests */ = {
			isa = PBXNativeTarget;
			buildConfigurationList = 796DF56C22E1026800140C02 /* Build configuration list for PBXNativeTarget "CoreMLGPT2Tests" */;
			buildPhases = (
				796DF55E22E1026800140C02 /* Sources */,
				796DF55F22E1026800140C02 /* Frameworks */,
				796DF56022E1026800140C02 /* Resources */,
			);
			buildRules = (
			);
			dependencies = (
				796DF56422E1026800140C02 /* PBXTargetDependency */,
			);
			name = CoreMLGPT2Tests;
			productName = CoreMLGPT2Tests;
			productReference = 796DF56222E1026800140C02 /* CoreMLGPT2Tests.xctest */;
			productType = "com.apple.product-type.bundle.unit-test";
		};
		79F2CC5722C50078009F8551 /* CoreMLBert */ = {
			isa = PBXNativeTarget;
			buildConfigurationList = 79F2CC7722C5007B009F8551 /* Build configuration list for PBXNativeTarget "CoreMLBert" */;
			buildPhases = (
				79F2CC5422C50078009F8551 /* Sources */,
				79F2CC5522C50078009F8551 /* Frameworks */,
				79F2CC5622C50078009F8551 /* Resources */,
			);
			buildRules = (
			);
			dependencies = (
			);
			name = CoreMLBert;
			productName = CoreMLBert;
			productReference = 79F2CC5822C50078009F8551 /* CoreMLBert.app */;
			productType = "com.apple.product-type.application";
		};
		79F2CC6D22C5007B009F8551 /* CoreMLBertTests */ = {
			isa = PBXNativeTarget;
			buildConfigurationList = 79F2CC7A22C5007B009F8551 /* Build configuration list for PBXNativeTarget "CoreMLBertTests" */;
			buildPhases = (
				79F2CC6A22C5007B009F8551 /* Sources */,
				79F2CC6B22C5007B009F8551 /* Frameworks */,
				79F2CC6C22C5007B009F8551 /* Resources */,
			);
			buildRules = (
			);
			dependencies = (
				79F2CC7022C5007B009F8551 /* PBXTargetDependency */,
			);
			name = CoreMLBertTests;
			productName = CoreMLBertTests;
			productReference = 79F2CC6E22C5007B009F8551 /* CoreMLBertTests.xctest */;
			productType = "com.apple.product-type.bundle.unit-test";
		};
/* End PBXNativeTarget section */

/* Begin PBXProject section */
		79F2CC5022C50078009F8551 /* Project object */ = {
			isa = PBXProject;
			attributes = {
				LastSwiftUpdateCheck = 1100;
				LastUpgradeCheck = 1100;
				ORGANIZATIONNAME = "Hugging Face";
				TargetAttributes = {
					796DF54C22E1026700140C02 = {
						CreatedOnToolsVersion = 11.0;
					};
					796DF56122E1026800140C02 = {
						CreatedOnToolsVersion = 11.0;
						TestTargetID = 796DF54C22E1026700140C02;
					};
					79F2CC5722C50078009F8551 = {
						CreatedOnToolsVersion = 11.0;
					};
					79F2CC6D22C5007B009F8551 = {
						CreatedOnToolsVersion = 11.0;
						TestTargetID = 79F2CC5722C50078009F8551;
					};
				};
			};
			buildConfigurationList = 79F2CC5322C50078009F8551 /* Build configuration list for PBXProject "CoreMLBert" */;
			compatibilityVersion = "Xcode 9.3";
			developmentRegion = en;
			hasScannedForEncodings = 0;
			knownRegions = (
				en,
				Base,
			);
			mainGroup = 79F2CC4F22C50078009F8551;
			productRefGroup = 79F2CC5922C50078009F8551 /* Products */;
			projectDirPath = "";
			projectRoot = "";
			targets = (
				79F2CC5722C50078009F8551 /* CoreMLBert */,
				79F2CC6D22C5007B009F8551 /* CoreMLBertTests */,
				796DF54C22E1026700140C02 /* CoreMLGPT2 */,
				796DF56122E1026800140C02 /* CoreMLGPT2Tests */,
			);
		};
/* End PBXProject section */

/* Begin PBXResourcesBuildPhase section */
		796DF54B22E1026700140C02 /* Resources */ = {
			isa = PBXResourcesBuildPhase;
			buildActionMask = 2147483647;
			files = (
				796DF57F22E1209B00140C02 /* encoded_tokens.json in Resources */,
				796DF55C22E1026700140C02 /* LaunchScreen.storyboard in Resources */,
				796DF55922E1026700140C02 /* Assets.xcassets in Resources */,
				796DF57722E1047B00140C02 /* gpt2-merges.txt in Resources */,
				796DF57822E1047B00140C02 /* gpt2-vocab.json in Resources */,
				796DF55722E1026700140C02 /* Main.storyboard in Resources */,
			);
			runOnlyForDeploymentPostprocessing = 0;
		};
		796DF56022E1026800140C02 /* Resources */ = {
			isa = PBXResourcesBuildPhase;
			buildActionMask = 2147483647;
			files = (
			);
			runOnlyForDeploymentPostprocessing = 0;
		};
		79F2CC5622C50078009F8551 /* Resources */ = {
			isa = PBXResourcesBuildPhase;
			buildActionMask = 2147483647;
			files = (
				79F2CC8522C50F87009F8551 /* vocab.txt in Resources */,
				79F2CC6822C5007B009F8551 /* LaunchScreen.storyboard in Resources */,
				79F2CC8822C51E03009F8551 /* basic_tokenized_questions.json in Resources */,
				79F2CC8E22C55413009F8551 /* tokenized_questions.json in Resources */,
				796DF51522E0EE7800140C02 /* gpt2-merges.txt in Resources */,
				79F2CC6522C5007B009F8551 /* Assets.xcassets in Resources */,
				79F2CC6322C50078009F8551 /* Main.storyboard in Resources */,
				7944CDBF22C501D6000C0B1E /* dev-v1.1.json in Resources */,
				796DF51622E0EE7800140C02 /* gpt2-vocab.json in Resources */,
				79F2CCA022C666C7009F8551 /* question_tokens.json in Resources */,
			);
			runOnlyForDeploymentPostprocessing = 0;
		};
		79F2CC6C22C5007B009F8551 /* Resources */ = {
			isa = PBXResourcesBuildPhase;
			buildActionMask = 2147483647;
			files = (
				79F2CC8622C50F87009F8551 /* vocab.txt in Resources */,
				7944CDC022C501D6000C0B1E /* dev-v1.1.json in Resources */,
				79F2CC8922C51E03009F8551 /* basic_tokenized_questions.json in Resources */,
				79F2CC8F22C55413009F8551 /* tokenized_questions.json in Resources */,
			);
			runOnlyForDeploymentPostprocessing = 0;
		};
/* End PBXResourcesBuildPhase section */

/* Begin PBXSourcesBuildPhase section */
		796DF54922E1026700140C02 /* Sources */ = {
			isa = PBXSourcesBuildPhase;
			buildActionMask = 2147483647;
			files = (
				796DF55422E1026700140C02 /* ViewController.swift in Sources */,
				796DF58722E2727000140C02 /* GPT2.swift in Sources */,
				7934AF8822EA4CEC00396AD5 /* gpt2-512.mlmodel in Sources */,
				796DF56F22E1039C00140C02 /* SquadDataset.swift in Sources */,
				796DF55022E1026700140C02 /* AppDelegate.swift in Sources */,
				796DF57222E1039C00140C02 /* Utils.swift in Sources */,
				796DF57422E1039C00140C02 /* MLMultiArray+Utils.swift in Sources */,
				796DF57022E1039C00140C02 /* BertTokenizer.swift in Sources */,
				796DF57522E1039C00140C02 /* GPT2Tokenizer.swift in Sources */,
				796DF55222E1026700140C02 /* SceneDelegate.swift in Sources */,
				796DF57322E1039C00140C02 /* Math.swift in Sources */,
				796DF57622E1039C00140C02 /* GPT2ByteEncoder.swift in Sources */,
				4E10C49C22FB95800013FE11 /* gpt2-64-12.mlmodel in Sources */,
			);
			runOnlyForDeploymentPostprocessing = 0;
		};
		796DF55E22E1026800140C02 /* Sources */ = {
			isa = PBXSourcesBuildPhase;
			buildActionMask = 2147483647;
			files = (
				796DF56722E1026800140C02 /* CoreMLGPT2Tests.swift in Sources */,
				791D169322EA4918004D7A79 /* MultiArrayUtilsTests.swift in Sources */,
			);
			runOnlyForDeploymentPostprocessing = 0;
		};
		79F2CC5422C50078009F8551 /* Sources */ = {
			isa = PBXSourcesBuildPhase;
			buildActionMask = 2147483647;
			files = (
				79F2CC9A22C57132009F8551 /* MLMultiArray+Utils.swift in Sources */,
				79F2CCA222C6717E009F8551 /* LoaderView.swift in Sources */,
				79F2CC6022C50078009F8551 /* ViewController.swift in Sources */,
				79F2CC8122C5041C009F8551 /* SquadDataset.swift in Sources */,
				796DF51A22E0FF7A00140C02 /* GPT2ByteEncoder.swift in Sources */,
				79F2CC9722C56891009F8551 /* Math.swift in Sources */,
				79F2CC5C22C50078009F8551 /* AppDelegate.swift in Sources */,
				796DF51022E0EB1D00140C02 /* GPT2Tokenizer.swift in Sources */,
				79F2CC9422C56693009F8551 /* BertForQuestionAnswering.swift in Sources */,
				79F2CC9122C5590C009F8551 /* BERTSQUADFP16.mlmodel in Sources */,
				79F2CC8322C50E00009F8551 /* BertTokenizer.swift in Sources */,
				79F2CC5E22C50078009F8551 /* SceneDelegate.swift in Sources */,
				79F2CC8B22C549C1009F8551 /* Utils.swift in Sources */,
			);
			runOnlyForDeploymentPostprocessing = 0;
		};
		79F2CC6A22C5007B009F8551 /* Sources */ = {
			isa = PBXSourcesBuildPhase;
			buildActionMask = 2147483647;
			files = (
				79F2CC9E22C57825009F8551 /* BertForQATests.swift in Sources */,
				79F2CC7322C5007B009F8551 /* BertTokenizerTests.swift in Sources */,
				79F2CC9C22C57731009F8551 /* BertTokenizer.swift in Sources */,
				79F2CC8C22C549C1009F8551 /* Utils.swift in Sources */,
				79F2CC9522C56693009F8551 /* BertForQuestionAnswering.swift in Sources */,
				79F7060E22EA0CA900C4432C /* BERTSQUADFP16.mlmodel in Sources */,
				79F2CC9B22C57132009F8551 /* MLMultiArray+Utils.swift in Sources */,
				79F2CC9822C56891009F8551 /* Math.swift in Sources */,
			);
			runOnlyForDeploymentPostprocessing = 0;
		};
/* End PBXSourcesBuildPhase section */

/* Begin PBXTargetDependency section */
		796DF56422E1026800140C02 /* PBXTargetDependency */ = {
			isa = PBXTargetDependency;
			target = 796DF54C22E1026700140C02 /* CoreMLGPT2 */;
			targetProxy = 796DF56322E1026800140C02 /* PBXContainerItemProxy */;
		};
		79F2CC7022C5007B009F8551 /* PBXTargetDependency */ = {
			isa = PBXTargetDependency;
			target = 79F2CC5722C50078009F8551 /* CoreMLBert */;
			targetProxy = 79F2CC6F22C5007B009F8551 /* PBXContainerItemProxy */;
		};
/* End PBXTargetDependency section */

/* Begin PBXVariantGroup section */
		796DF55522E1026700140C02 /* Main.storyboard */ = {
			isa = PBXVariantGroup;
			children = (
				796DF55622E1026700140C02 /* Base */,
			);
			name = Main.storyboard;
			sourceTree = "<group>";
		};
		796DF55A22E1026700140C02 /* LaunchScreen.storyboard */ = {
			isa = PBXVariantGroup;
			children = (
				796DF55B22E1026700140C02 /* Base */,
			);
			name = LaunchScreen.storyboard;
			sourceTree = "<group>";
		};
		79F2CC6122C50078009F8551 /* Main.storyboard */ = {
			isa = PBXVariantGroup;
			children = (
				79F2CC6222C50078009F8551 /* Base */,
			);
			name = Main.storyboard;
			sourceTree = "<group>";
		};
		79F2CC6622C5007B009F8551 /* LaunchScreen.storyboard */ = {
			isa = PBXVariantGroup;
			children = (
				79F2CC6722C5007B009F8551 /* Base */,
			);
			name = LaunchScreen.storyboard;
			sourceTree = "<group>";
		};
/* End PBXVariantGroup section */

/* Begin XCBuildConfiguration section */
		796DF56A22E1026800140C02 /* Debug */ = {
			isa = XCBuildConfiguration;
			buildSettings = {
				ASSETCATALOG_COMPILER_APPICON_NAME = AppIcon;
				CODE_SIGN_STYLE = Automatic;
				DEVELOPMENT_TEAM = 2EADP68M95;
				INFOPLIST_FILE = CoreMLGPT2/Info.plist;
				LD_RUNPATH_SEARCH_PATHS = (
					"$(inherited)",
					"@executable_path/Frameworks",
				);
				PRODUCT_BUNDLE_IDENTIFIER = ai.katia.Katia.CoreMLGPT2;
				PRODUCT_NAME = "$(TARGET_NAME)";
				SWIFT_VERSION = 5.0;
				TARGETED_DEVICE_FAMILY = "1,2";
			};
			name = Debug;
		};
		796DF56B22E1026800140C02 /* Release */ = {
			isa = XCBuildConfiguration;
			buildSettings = {
				ASSETCATALOG_COMPILER_APPICON_NAME = AppIcon;
				CODE_SIGN_STYLE = Automatic;
				DEVELOPMENT_TEAM = 2EADP68M95;
				INFOPLIST_FILE = CoreMLGPT2/Info.plist;
				LD_RUNPATH_SEARCH_PATHS = (
					"$(inherited)",
					"@executable_path/Frameworks",
				);
				PRODUCT_BUNDLE_IDENTIFIER = ai.katia.Katia.CoreMLGPT2;
				PRODUCT_NAME = "$(TARGET_NAME)";
				SWIFT_VERSION = 5.0;
				TARGETED_DEVICE_FAMILY = "1,2";
			};
			name = Release;
		};
		796DF56D22E1026800140C02 /* Debug */ = {
			isa = XCBuildConfiguration;
			buildSettings = {
				ALWAYS_EMBED_SWIFT_STANDARD_LIBRARIES = YES;
				BUNDLE_LOADER = "$(TEST_HOST)";
				CODE_SIGN_STYLE = Automatic;
				DEVELOPMENT_TEAM = 2EADP68M95;
				INFOPLIST_FILE = CoreMLGPT2Tests/Info.plist;
				LD_RUNPATH_SEARCH_PATHS = (
					"$(inherited)",
					"@executable_path/Frameworks",
					"@loader_path/Frameworks",
				);
				PRODUCT_BUNDLE_IDENTIFIER = ai.katia.Katia.CoreMLGPT2Tests;
				PRODUCT_NAME = "$(TARGET_NAME)";
				SWIFT_VERSION = 5.0;
				TARGETED_DEVICE_FAMILY = "1,2";
				TEST_HOST = "$(BUILT_PRODUCTS_DIR)/CoreMLGPT2.app/CoreMLGPT2";
			};
			name = Debug;
		};
		796DF56E22E1026800140C02 /* Release */ = {
			isa = XCBuildConfiguration;
			buildSettings = {
				ALWAYS_EMBED_SWIFT_STANDARD_LIBRARIES = YES;
				BUNDLE_LOADER = "$(TEST_HOST)";
				CODE_SIGN_STYLE = Automatic;
				DEVELOPMENT_TEAM = 2EADP68M95;
				INFOPLIST_FILE = CoreMLGPT2Tests/Info.plist;
				LD_RUNPATH_SEARCH_PATHS = (
					"$(inherited)",
					"@executable_path/Frameworks",
					"@loader_path/Frameworks",
				);
				PRODUCT_BUNDLE_IDENTIFIER = ai.katia.Katia.CoreMLGPT2Tests;
				PRODUCT_NAME = "$(TARGET_NAME)";
				SWIFT_VERSION = 5.0;
				TARGETED_DEVICE_FAMILY = "1,2";
				TEST_HOST = "$(BUILT_PRODUCTS_DIR)/CoreMLGPT2.app/CoreMLGPT2";
			};
			name = Release;
		};
		79F2CC7522C5007B009F8551 /* Debug */ = {
			isa = XCBuildConfiguration;
			buildSettings = {
				ALWAYS_SEARCH_USER_PATHS = NO;
				CLANG_ANALYZER_NONNULL = YES;
				CLANG_ANALYZER_NUMBER_OBJECT_CONVERSION = YES_AGGRESSIVE;
				CLANG_CXX_LANGUAGE_STANDARD = "gnu++14";
				CLANG_CXX_LIBRARY = "libc++";
				CLANG_ENABLE_MODULES = YES;
				CLANG_ENABLE_OBJC_ARC = YES;
				CLANG_ENABLE_OBJC_WEAK = YES;
				CLANG_WARN_BLOCK_CAPTURE_AUTORELEASING = YES;
				CLANG_WARN_BOOL_CONVERSION = YES;
				CLANG_WARN_COMMA = YES;
				CLANG_WARN_CONSTANT_CONVERSION = YES;
				CLANG_WARN_DEPRECATED_OBJC_IMPLEMENTATIONS = YES;
				CLANG_WARN_DIRECT_OBJC_ISA_USAGE = YES_ERROR;
				CLANG_WARN_DOCUMENTATION_COMMENTS = YES;
				CLANG_WARN_EMPTY_BODY = YES;
				CLANG_WARN_ENUM_CONVERSION = YES;
				CLANG_WARN_INFINITE_RECURSION = YES;
				CLANG_WARN_INT_CONVERSION = YES;
				CLANG_WARN_NON_LITERAL_NULL_CONVERSION = YES;
				CLANG_WARN_OBJC_IMPLICIT_RETAIN_SELF = YES;
				CLANG_WARN_OBJC_LITERAL_CONVERSION = YES;
				CLANG_WARN_OBJC_ROOT_CLASS = YES_ERROR;
				CLANG_WARN_RANGE_LOOP_ANALYSIS = YES;
				CLANG_WARN_STRICT_PROTOTYPES = YES;
				CLANG_WARN_SUSPICIOUS_MOVE = YES;
				CLANG_WARN_UNGUARDED_AVAILABILITY = YES_AGGRESSIVE;
				CLANG_WARN_UNREACHABLE_CODE = YES;
				CLANG_WARN__DUPLICATE_METHOD_MATCH = YES;
				COPY_PHASE_STRIP = NO;
				DEBUG_INFORMATION_FORMAT = dwarf;
				ENABLE_STRICT_OBJC_MSGSEND = YES;
				ENABLE_TESTABILITY = YES;
				GCC_C_LANGUAGE_STANDARD = gnu11;
				GCC_DYNAMIC_NO_PIC = NO;
				GCC_NO_COMMON_BLOCKS = YES;
				GCC_OPTIMIZATION_LEVEL = 0;
				GCC_PREPROCESSOR_DEFINITIONS = (
					"DEBUG=1",
					"$(inherited)",
				);
				GCC_WARN_64_TO_32_BIT_CONVERSION = YES;
				GCC_WARN_ABOUT_RETURN_TYPE = YES_ERROR;
				GCC_WARN_UNDECLARED_SELECTOR = YES;
				GCC_WARN_UNINITIALIZED_AUTOS = YES_AGGRESSIVE;
				GCC_WARN_UNUSED_FUNCTION = YES;
				GCC_WARN_UNUSED_VARIABLE = YES;
				IPHONEOS_DEPLOYMENT_TARGET = 13.0;
				MTL_ENABLE_DEBUG_INFO = INCLUDE_SOURCE;
				MTL_FAST_MATH = YES;
				ONLY_ACTIVE_ARCH = YES;
				SDKROOT = iphoneos;
				SWIFT_ACTIVE_COMPILATION_CONDITIONS = DEBUG;
				SWIFT_OPTIMIZATION_LEVEL = "-Onone";
			};
			name = Debug;
		};
		79F2CC7622C5007B009F8551 /* Release */ = {
			isa = XCBuildConfiguration;
			buildSettings = {
				ALWAYS_SEARCH_USER_PATHS = NO;
				CLANG_ANALYZER_NONNULL = YES;
				CLANG_ANALYZER_NUMBER_OBJECT_CONVERSION = YES_AGGRESSIVE;
				CLANG_CXX_LANGUAGE_STANDARD = "gnu++14";
				CLANG_CXX_LIBRARY = "libc++";
				CLANG_ENABLE_MODULES = YES;
				CLANG_ENABLE_OBJC_ARC = YES;
				CLANG_ENABLE_OBJC_WEAK = YES;
				CLANG_WARN_BLOCK_CAPTURE_AUTORELEASING = YES;
				CLANG_WARN_BOOL_CONVERSION = YES;
				CLANG_WARN_COMMA = YES;
				CLANG_WARN_CONSTANT_CONVERSION = YES;
				CLANG_WARN_DEPRECATED_OBJC_IMPLEMENTATIONS = YES;
				CLANG_WARN_DIRECT_OBJC_ISA_USAGE = YES_ERROR;
				CLANG_WARN_DOCUMENTATION_COMMENTS = YES;
				CLANG_WARN_EMPTY_BODY = YES;
				CLANG_WARN_ENUM_CONVERSION = YES;
				CLANG_WARN_INFINITE_RECURSION = YES;
				CLANG_WARN_INT_CONVERSION = YES;
				CLANG_WARN_NON_LITERAL_NULL_CONVERSION = YES;
				CLANG_WARN_OBJC_IMPLICIT_RETAIN_SELF = YES;
				CLANG_WARN_OBJC_LITERAL_CONVERSION = YES;
				CLANG_WARN_OBJC_ROOT_CLASS = YES_ERROR;
				CLANG_WARN_RANGE_LOOP_ANALYSIS = YES;
				CLANG_WARN_STRICT_PROTOTYPES = YES;
				CLANG_WARN_SUSPICIOUS_MOVE = YES;
				CLANG_WARN_UNGUARDED_AVAILABILITY = YES_AGGRESSIVE;
				CLANG_WARN_UNREACHABLE_CODE = YES;
				CLANG_WARN__DUPLICATE_METHOD_MATCH = YES;
				COPY_PHASE_STRIP = NO;
				DEBUG_INFORMATION_FORMAT = "dwarf-with-dsym";
				ENABLE_NS_ASSERTIONS = NO;
				ENABLE_STRICT_OBJC_MSGSEND = YES;
				GCC_C_LANGUAGE_STANDARD = gnu11;
				GCC_NO_COMMON_BLOCKS = YES;
				GCC_WARN_64_TO_32_BIT_CONVERSION = YES;
				GCC_WARN_ABOUT_RETURN_TYPE = YES_ERROR;
				GCC_WARN_UNDECLARED_SELECTOR = YES;
				GCC_WARN_UNINITIALIZED_AUTOS = YES_AGGRESSIVE;
				GCC_WARN_UNUSED_FUNCTION = YES;
				GCC_WARN_UNUSED_VARIABLE = YES;
				IPHONEOS_DEPLOYMENT_TARGET = 13.0;
				MTL_ENABLE_DEBUG_INFO = NO;
				MTL_FAST_MATH = YES;
				SDKROOT = iphoneos;
				SWIFT_COMPILATION_MODE = wholemodule;
				SWIFT_OPTIMIZATION_LEVEL = "-O";
				VALIDATE_PRODUCT = YES;
			};
			name = Release;
		};
		79F2CC7822C5007B009F8551 /* Debug */ = {
			isa = XCBuildConfiguration;
			buildSettings = {
				ASSETCATALOG_COMPILER_APPICON_NAME = AppIcon;
				CODE_SIGN_STYLE = Automatic;
				DEVELOPMENT_TEAM = 2EADP68M95;
				INFOPLIST_FILE = CoreMLBert/Info.plist;
				LD_RUNPATH_SEARCH_PATHS = (
					"$(inherited)",
					"@executable_path/Frameworks",
				);
				PRODUCT_BUNDLE_IDENTIFIER = ai.katia.Katia.CoreMLBert;
				PRODUCT_NAME = "$(TARGET_NAME)";
				SWIFT_VERSION = 5.0;
				TARGETED_DEVICE_FAMILY = "1,2";
			};
			name = Debug;
		};
		79F2CC7922C5007B009F8551 /* Release */ = {
			isa = XCBuildConfiguration;
			buildSettings = {
				ASSETCATALOG_COMPILER_APPICON_NAME = AppIcon;
				CODE_SIGN_STYLE = Automatic;
				DEVELOPMENT_TEAM = 2EADP68M95;
				INFOPLIST_FILE = CoreMLBert/Info.plist;
				LD_RUNPATH_SEARCH_PATHS = (
					"$(inherited)",
					"@executable_path/Frameworks",
				);
				PRODUCT_BUNDLE_IDENTIFIER = ai.katia.Katia.CoreMLBert;
				PRODUCT_NAME = "$(TARGET_NAME)";
				SWIFT_VERSION = 5.0;
				TARGETED_DEVICE_FAMILY = "1,2";
			};
			name = Release;
		};
		79F2CC7B22C5007B009F8551 /* Debug */ = {
			isa = XCBuildConfiguration;
			buildSettings = {
				ALWAYS_EMBED_SWIFT_STANDARD_LIBRARIES = YES;
				BUNDLE_LOADER = "$(TEST_HOST)";
				CODE_SIGN_STYLE = Automatic;
				DEVELOPMENT_TEAM = 2EADP68M95;
				INFOPLIST_FILE = CoreMLBertTests/Info.plist;
				LD_RUNPATH_SEARCH_PATHS = (
					"$(inherited)",
					"@executable_path/Frameworks",
					"@loader_path/Frameworks",
				);
				PRODUCT_BUNDLE_IDENTIFIER = ai.katia.Katia.CoreMLBertTests;
				PRODUCT_NAME = "$(TARGET_NAME)";
				SWIFT_VERSION = 5.0;
				TARGETED_DEVICE_FAMILY = "1,2";
				TEST_HOST = "$(BUILT_PRODUCTS_DIR)/CoreMLBert.app/CoreMLBert";
			};
			name = Debug;
		};
		79F2CC7C22C5007B009F8551 /* Release */ = {
			isa = XCBuildConfiguration;
			buildSettings = {
				ALWAYS_EMBED_SWIFT_STANDARD_LIBRARIES = YES;
				BUNDLE_LOADER = "$(TEST_HOST)";
				CODE_SIGN_STYLE = Automatic;
				DEVELOPMENT_TEAM = 2EADP68M95;
				INFOPLIST_FILE = CoreMLBertTests/Info.plist;
				LD_RUNPATH_SEARCH_PATHS = (
					"$(inherited)",
					"@executable_path/Frameworks",
					"@loader_path/Frameworks",
				);
				PRODUCT_BUNDLE_IDENTIFIER = ai.katia.Katia.CoreMLBertTests;
				PRODUCT_NAME = "$(TARGET_NAME)";
				SWIFT_VERSION = 5.0;
				TARGETED_DEVICE_FAMILY = "1,2";
				TEST_HOST = "$(BUILT_PRODUCTS_DIR)/CoreMLBert.app/CoreMLBert";
			};
			name = Release;
		};
/* End XCBuildConfiguration section */

/* Begin XCConfigurationList section */
		796DF56922E1026800140C02 /* Build configuration list for PBXNativeTarget "CoreMLGPT2" */ = {
			isa = XCConfigurationList;
			buildConfigurations = (
				796DF56A22E1026800140C02 /* Debug */,
				796DF56B22E1026800140C02 /* Release */,
			);
			defaultConfigurationIsVisible = 0;
			defaultConfigurationName = Release;
		};
		796DF56C22E1026800140C02 /* Build configuration list for PBXNativeTarget "CoreMLGPT2Tests" */ = {
			isa = XCConfigurationList;
			buildConfigurations = (
				796DF56D22E1026800140C02 /* Debug */,
				796DF56E22E1026800140C02 /* Release */,
			);
			defaultConfigurationIsVisible = 0;
			defaultConfigurationName = Release;
		};
		79F2CC5322C50078009F8551 /* Build configuration list for PBXProject "CoreMLBert" */ = {
			isa = XCConfigurationList;
			buildConfigurations = (
				79F2CC7522C5007B009F8551 /* Debug */,
				79F2CC7622C5007B009F8551 /* Release */,
			);
			defaultConfigurationIsVisible = 0;
			defaultConfigurationName = Release;
		};
		79F2CC7722C5007B009F8551 /* Build configuration list for PBXNativeTarget "CoreMLBert" */ = {
			isa = XCConfigurationList;
			buildConfigurations = (
				79F2CC7822C5007B009F8551 /* Debug */,
				79F2CC7922C5007B009F8551 /* Release */,
			);
			defaultConfigurationIsVisible = 0;
			defaultConfigurationName = Release;
		};
		79F2CC7A22C5007B009F8551 /* Build configuration list for PBXNativeTarget "CoreMLBertTests" */ = {
			isa = XCConfigurationList;
			buildConfigurations = (
				79F2CC7B22C5007B009F8551 /* Debug */,
				79F2CC7C22C5007B009F8551 /* Release */,
			);
			defaultConfigurationIsVisible = 0;
			defaultConfigurationName = Release;
		};
/* End XCConfigurationList section */
	};
	rootObject = 79F2CC5022C50078009F8551 /* Project object */;
}
